// !$*UTF8*$!
{
	archiveVersion = 1;
	classes = {
	};
	objectVersion = 77;
	objects = {

/* Begin PBXContainerItemProxy section */
		FF9F170D2CD120EE00171405 /* PBXContainerItemProxy */ = {
			isa = PBXContainerItemProxy;
			containerPortal = FF9F16EE2CD120ED00171405 /* Project object */;
			proxyType = 1;
			remoteGlobalIDString = FF9F16F52CD120ED00171405;
			remoteInfo = MachineLearningImage;
		};
		FF9F17172CD120EE00171405 /* PBXContainerItemProxy */ = {
			isa = PBXContainerItemProxy;
			containerPortal = FF9F16EE2CD120ED00171405 /* Project object */;
			proxyType = 1;
			remoteGlobalIDString = FF9F16F52CD120ED00171405;
			remoteInfo = MachineLearningImage;
		};
/* End PBXContainerItemProxy section */

/* Begin PBXFileReference section */
		FF9F16F62CD120ED00171405 /* MachineLearningImage.app */ = {isa = PBXFileReference; explicitFileType = wrapper.application; includeInIndex = 0; path = MachineLearningImage.app; sourceTree = BUILT_PRODUCTS_DIR; };
		FF9F170C2CD120EE00171405 /* MachineLearningImageTests.xctest */ = {isa = PBXFileReference; explicitFileType = wrapper.cfbundle; includeInIndex = 0; path = MachineLearningImageTests.xctest; sourceTree = BUILT_PRODUCTS_DIR; };
		FF9F17162CD120EE00171405 /* MachineLearningImageUITests.xctest */ = {isa = PBXFileReference; explicitFileType = wrapper.cfbundle; includeInIndex = 0; path = MachineLearningImageUITests.xctest; sourceTree = BUILT_PRODUCTS_DIR; };
/* End PBXFileReference section */

/* Begin PBXFileSystemSynchronizedBuildFileExceptionSet section */
		FF9F171E2CD120EE00171405 /* Exceptions for "MachineLearningImage" folder in "MachineLearningImage" target */ = {
			isa = PBXFileSystemSynchronizedBuildFileExceptionSet;
			membershipExceptions = (
				Info.plist,
			);
			target = FF9F16F52CD120ED00171405 /* MachineLearningImage */;
		};
/* End PBXFileSystemSynchronizedBuildFileExceptionSet section */

/* Begin PBXFileSystemSynchronizedRootGroup section */
		FF9F16F82CD120ED00171405 /* MachineLearningImage */ = {
			isa = PBXFileSystemSynchronizedRootGroup;
			exceptions = (
				FF9F171E2CD120EE00171405 /* Exceptions for "MachineLearningImage" folder in "MachineLearningImage" target */,
			);
			path = MachineLearningImage;
			sourceTree = "<group>";
		};
		FF9F170F2CD120EE00171405 /* MachineLearningImageTests */ = {
			isa = PBXFileSystemSynchronizedRootGroup;
			path = MachineLearningImageTests;
			sourceTree = "<group>";
		};
		FF9F17192CD120EE00171405 /* MachineLearningImageUITests */ = {
			isa = PBXFileSystemSynchronizedRootGroup;
			path = MachineLearningImageUITests;
			sourceTree = "<group>";
		};
/* End PBXFileSystemSynchronizedRootGroup section */

/* Begin PBXFrameworksBuildPhase section */
		FF9F16F32CD120ED00171405 /* Frameworks */ = {
			isa = PBXFrameworksBuildPhase;
			buildActionMask = 2147483647;
			files = (
			);
			runOnlyForDeploymentPostprocessing = 0;
		};
		FF9F17092CD120EE00171405 /* Frameworks */ = {
			isa = PBXFrameworksBuildPhase;
			buildActionMask = 2147483647;
			files = (
			);
			runOnlyForDeploymentPostprocessing = 0;
		};
		FF9F17132CD120EE00171405 /* Frameworks */ = {
			isa = PBXFrameworksBuildPhase;
			buildActionMask = 2147483647;
			files = (
			);
			runOnlyForDeploymentPostprocessing = 0;
		};
/* End PBXFrameworksBuildPhase section */

/* Begin PBXGroup section */
		FF9F16ED2CD120ED00171405 = {
			isa = PBXGroup;
			children = (
				FF9F16F82CD120ED00171405 /* MachineLearningImage */,
				FF9F170F2CD120EE00171405 /* MachineLearningImageTests */,
				FF9F17192CD120EE00171405 /* MachineLearningImageUITests */,
				FF9F16F72CD120ED00171405 /* Products */,
			);
			sourceTree = "<group>";
		};
		FF9F16F72CD120ED00171405 /* Products */ = {
			isa = PBXGroup;
			children = (
				FF9F16F62CD120ED00171405 /* MachineLearningImage.app */,
				FF9F170C2CD120EE00171405 /* MachineLearningImageTests.xctest */,
				FF9F17162CD120EE00171405 /* MachineLearningImageUITests.xctest */,
			);
			name = Products;
			sourceTree = "<group>";
		};
/* End PBXGroup section */

/* Begin PBXNativeTarget section */
		FF9F16F52CD120ED00171405 /* MachineLearningImage */ = {
			isa = PBXNativeTarget;
			buildConfigurationList = FF9F171F2CD120EE00171405 /* Build configuration list for PBXNativeTarget "MachineLearningImage" */;
			buildPhases = (
				FF9F16F22CD120ED00171405 /* Sources */,
				FF9F16F32CD120ED00171405 /* Frameworks */,
				FF9F16F42CD120ED00171405 /* Resources */,
			);
			buildRules = (
			);
			dependencies = (
			);
			fileSystemSynchronizedGroups = (
				FF9F16F82CD120ED00171405 /* MachineLearningImage */,
			);
			name = MachineLearningImage;
			packageProductDependencies = (
			);
			productName = MachineLearningImage;
			productReference = FF9F16F62CD120ED00171405 /* MachineLearningImage.app */;
			productType = "com.apple.product-type.application";
		};
		FF9F170B2CD120EE00171405 /* MachineLearningImageTests */ = {
			isa = PBXNativeTarget;
			buildConfigurationList = FF9F17242CD120EE00171405 /* Build configuration list for PBXNativeTarget "MachineLearningImageTests" */;
			buildPhases = (
				FF9F17082CD120EE00171405 /* Sources */,
				FF9F17092CD120EE00171405 /* Frameworks */,
				FF9F170A2CD120EE00171405 /* Resources */,
			);
			buildRules = (
			);
			dependencies = (
				FF9F170E2CD120EE00171405 /* PBXTargetDependency */,
			);
			fileSystemSynchronizedGroups = (
				FF9F170F2CD120EE00171405 /* MachineLearningImageTests */,
			);
			name = MachineLearningImageTests;
			packageProductDependencies = (
			);
			productName = MachineLearningImageTests;
			productReference = FF9F170C2CD120EE00171405 /* MachineLearningImageTests.xctest */;
			productType = "com.apple.product-type.bundle.unit-test";
		};
		FF9F17152CD120EE00171405 /* MachineLearningImageUITests */ = {
			isa = PBXNativeTarget;
			buildConfigurationList = FF9F17272CD120EE00171405 /* Build configuration list for PBXNativeTarget "MachineLearningImageUITests" */;
			buildPhases = (
				FF9F17122CD120EE00171405 /* Sources */,
				FF9F17132CD120EE00171405 /* Frameworks */,
				FF9F17142CD120EE00171405 /* Resources */,
			);
			buildRules = (
			);
			dependencies = (
				FF9F17182CD120EE00171405 /* PBXTargetDependency */,
			);
			fileSystemSynchronizedGroups = (
				FF9F17192CD120EE00171405 /* MachineLearningImageUITests */,
			);
			name = MachineLearningImageUITests;
			packageProductDependencies = (
			);
			productName = MachineLearningImageUITests;
			productReference = FF9F17162CD120EE00171405 /* MachineLearningImageUITests.xctest */;
			productType = "com.apple.product-type.bundle.ui-testing";
		};
/* End PBXNativeTarget section */

/* Begin PBXProject section */
		FF9F16EE2CD120ED00171405 /* Project object */ = {
			isa = PBXProject;
			attributes = {
				BuildIndependentTargetsInParallel = 1;
				LastSwiftUpdateCheck = 1600;
				LastUpgradeCheck = 1600;
				TargetAttributes = {
					FF9F16F52CD120ED00171405 = {
						CreatedOnToolsVersion = 16.0;
					};
					FF9F170B2CD120EE00171405 = {
						CreatedOnToolsVersion = 16.0;
						TestTargetID = FF9F16F52CD120ED00171405;
					};
					FF9F17152CD120EE00171405 = {
						CreatedOnToolsVersion = 16.0;
						TestTargetID = FF9F16F52CD120ED00171405;
					};
				};
			};
			buildConfigurationList = FF9F16F12CD120ED00171405 /* Build configuration list for PBXProject "MachineLearningImage" */;
			developmentRegion = en;
			hasScannedForEncodings = 0;
			knownRegions = (
				en,
				Base,
			);
			mainGroup = FF9F16ED2CD120ED00171405;
			minimizedProjectReferenceProxies = 1;
			preferredProjectObjectVersion = 77;
			productRefGroup = FF9F16F72CD120ED00171405 /* Products */;
			projectDirPath = "";
			projectRoot = "";
			targets = (
				FF9F16F52CD120ED00171405 /* MachineLearningImage */,
				FF9F170B2CD120EE00171405 /* MachineLearningImageTests */,
				FF9F17152CD120EE00171405 /* MachineLearningImageUITests */,
			);
		};
/* End PBXProject section */

/* Begin PBXResourcesBuildPhase section */
		FF9F16F42CD120ED00171405 /* Resources */ = {
			isa = PBXResourcesBuildPhase;
			buildActionMask = 2147483647;
			files = (
			);
			runOnlyForDeploymentPostprocessing = 0;
		};
		FF9F170A2CD120EE00171405 /* Resources */ = {
			isa = PBXResourcesBuildPhase;
			buildActionMask = 2147483647;
			files = (
			);
			runOnlyForDeploymentPostprocessing = 0;
		};
		FF9F17142CD120EE00171405 /* Resources */ = {
			isa = PBXResourcesBuildPhase;
			buildActionMask = 2147483647;
			files = (
			);
			runOnlyForDeploymentPostprocessing = 0;
		};
/* End PBXResourcesBuildPhase section */

/* Begin PBXSourcesBuildPhase section */
		FF9F16F22CD120ED00171405 /* Sources */ = {
			isa = PBXSourcesBuildPhase;
			buildActionMask = 2147483647;
			files = (
			);
			runOnlyForDeploymentPostprocessing = 0;
		};
		FF9F17082CD120EE00171405 /* Sources */ = {
			isa = PBXSourcesBuildPhase;
			buildActionMask = 2147483647;
			files = (
			);
			runOnlyForDeploymentPostprocessing = 0;
		};
		FF9F17122CD120EE00171405 /* Sources */ = {
			isa = PBXSourcesBuildPhase;
			buildActionMask = 2147483647;
			files = (
			);
			runOnlyForDeploymentPostprocessing = 0;
		};
/* End PBXSourcesBuildPhase section */

/* Begin PBXTargetDependency section */
		FF9F170E2CD120EE00171405 /* PBXTargetDependency */ = {
			isa = PBXTargetDependency;
			target = FF9F16F52CD120ED00171405 /* MachineLearningImage */;
			targetProxy = FF9F170D2CD120EE00171405 /* PBXContainerItemProxy */;
		};
		FF9F17182CD120EE00171405 /* PBXTargetDependency */ = {
			isa = PBXTargetDependency;
			target = FF9F16F52CD120ED00171405 /* MachineLearningImage */;
			targetProxy = FF9F17172CD120EE00171405 /* PBXContainerItemProxy */;
		};
/* End PBXTargetDependency section */

/* Begin XCBuildConfiguration section */
		FF9F17202CD120EE00171405 /* Debug */ = {
			isa = XCBuildConfiguration;
			buildSettings = {
				ASSETCATALOG_COMPILER_APPICON_NAME = AppIcon;
				ASSETCATALOG_COMPILER_GLOBAL_ACCENT_COLOR_NAME = AccentColor;
				CODE_SIGN_STYLE = Automatic;
				CURRENT_PROJECT_VERSION = 1;
				GENERATE_INFOPLIST_FILE = YES;
				INFOPLIST_FILE = MachineLearningImage/Info.plist;
				INFOPLIST_KEY_UIApplicationSupportsIndirectInputEvents = YES;
				INFOPLIST_KEY_UILaunchStoryboardName = LaunchScreen;
				INFOPLIST_KEY_UIMainStoryboardFile = Main;
				INFOPLIST_KEY_UISupportedInterfaceOrientations_iPad = "UIInterfaceOrientationPortrait UIInterfaceOrientationPortraitUpsideDown UIInterfaceOrientationLandscapeLeft UIInterfaceOrientationLandscapeRight";
				INFOPLIST_KEY_UISupportedInterfaceOrientations_iPhone = "UIInterfaceOrientationPortrait UIInterfaceOrientationLandscapeLeft UIInterfaceOrientationLandscapeRight";
				LD_RUNPATH_SEARCH_PATHS = (
					"$(inherited)",
					"@executable_path/Frameworks",
				);
				MARKETING_VERSION = 1.0;
				PRODUCT_BUNDLE_IDENTIFIER = com.omerapaydin.MachineLearningImage;
				PRODUCT_NAME = "$(TARGET_NAME)";
				SWIFT_EMIT_LOC_STRINGS = YES;
				SWIFT_VERSION = 5.0;
				TARGETED_DEVICE_FAMILY = "1,2";
			};
			name = Debug;
		};
		FF9F17212CD120EE00171405 /* Release */ = {
			isa = XCBuildConfiguration;
			buildSettings = {
				ASSETCATALOG_COMPILER_APPICON_NAME = AppIcon;
				ASSETCATALOG_COMPILER_GLOBAL_ACCENT_COLOR_NAME = AccentColor;
				CODE_SIGN_STYLE = Automatic;
				CURRENT_PROJECT_VERSION = 1;
				GENERATE_INFOPLIST_FILE = YES;
				INFOPLIST_FILE = MachineLearningImage/Info.plist;
				INFOPLIST_KEY_UIApplicationSupportsIndirectInputEvents = YES;
				INFOPLIST_KEY_UILaunchStoryboardName = LaunchScreen;
				INFOPLIST_KEY_UIMainStoryboardFile = Main;
				INFOPLIST_KEY_UISupportedInterfaceOrientations_iPad = "UIInterfaceOrientationPortrait UIInterfaceOrientationPortraitUpsideDown UIInterfaceOrientationLandscapeLeft UIInterfaceOrientationLandscapeRight";
				INFOPLIST_KEY_UISupportedInterfaceOrientations_iPhone = "UIInterfaceOrientationPortrait UIInterfaceOrientationLandscapeLeft UIInterfaceOrientationLandscapeRight";
				LD_RUNPATH_SEARCH_PATHS = (
					"$(inherited)",
					"@executable_path/Frameworks",
				);
				MARKETING_VERSION = 1.0;
				PRODUCT_BUNDLE_IDENTIFIER = com.omerapaydin.MachineLearningImage;
				PRODUCT_NAME = "$(TARGET_NAME)";
				SWIFT_EMIT_LOC_STRINGS = YES;
				SWIFT_VERSION = 5.0;
				TARGETED_DEVICE_FAMILY = "1,2";
			};
			name = Release;
		};
		FF9F17222CD120EE00171405 /* Debug */ = {
			isa = XCBuildConfiguration;
			buildSettings = {
				ALWAYS_SEARCH_USER_PATHS = NO;
				ASSETCATALOG_COMPILER_GENERATE_SWIFT_ASSET_SYMBOL_EXTENSIONS = YES;
				CLANG_ANALYZER_NONNULL = YES;
				CLANG_ANALYZER_NUMBER_OBJECT_CONVERSION = YES_AGGRESSIVE;
				CLANG_CXX_LANGUAGE_STANDARD = "gnu++20";
				CLANG_ENABLE_MODULES = YES;
				CLANG_ENABLE_OBJC_ARC = YES;
				CLANG_ENABLE_OBJC_WEAK = YES;
				CLANG_WARN_BLOCK_CAPTURE_AUTORELEASING = YES;
				CLANG_WARN_BOOL_CONVERSION = YES;
				CLANG_WARN_COMMA = YES;
				CLANG_WARN_CONSTANT_CONVERSION = YES;
				CLANG_WARN_DEPRECATED_OBJC_IMPLEMENTATIONS = YES;
				CLANG_WARN_DIRECT_OBJC_ISA_USAGE = YES_ERROR;
				CLANG_WARN_DOCUMENTATION_COMMENTS = YES;
				CLANG_WARN_EMPTY_BODY = YES;
				CLANG_WARN_ENUM_CONVERSION = YES;
				CLANG_WARN_INFINITE_RECURSION = YES;
				CLANG_WARN_INT_CONVERSION = YES;
				CLANG_WARN_NON_LITERAL_NULL_CONVERSION = YES;
				CLANG_WARN_OBJC_IMPLICIT_RETAIN_SELF = YES;
				CLANG_WARN_OBJC_LITERAL_CONVERSION = YES;
				CLANG_WARN_OBJC_ROOT_CLASS = YES_ERROR;
				CLANG_WARN_QUOTED_INCLUDE_IN_FRAMEWORK_HEADER = YES;
				CLANG_WARN_RANGE_LOOP_ANALYSIS = YES;
				CLANG_WARN_STRICT_PROTOTYPES = YES;
				CLANG_WARN_SUSPICIOUS_MOVE = YES;
				CLANG_WARN_UNGUARDED_AVAILABILITY = YES_AGGRESSIVE;
				CLANG_WARN_UNREACHABLE_CODE = YES;
				CLANG_WARN__DUPLICATE_METHOD_MATCH = YES;
				COPY_PHASE_STRIP = NO;
				DEBUG_INFORMATION_FORMAT = dwarf;
				ENABLE_STRICT_OBJC_MSGSEND = YES;
				ENABLE_TESTABILITY = YES;
				ENABLE_USER_SCRIPT_SANDBOXING = YES;
				GCC_C_LANGUAGE_STANDARD = gnu17;
				GCC_DYNAMIC_NO_PIC = NO;
				GCC_NO_COMMON_BLOCKS = YES;
				GCC_OPTIMIZATION_LEVEL = 0;
				GCC_PREPROCESSOR_DEFINITIONS = (
					"DEBUG=1",
					"$(inherited)",
				);
				GCC_WARN_64_TO_32_BIT_CONVERSION = YES;
				GCC_WARN_ABOUT_RETURN_TYPE = YES_ERROR;
				GCC_WARN_UNDECLARED_SELECTOR = YES;
				GCC_WARN_UNINITIALIZED_AUTOS = YES_AGGRESSIVE;
				GCC_WARN_UNUSED_FUNCTION = YES;
				GCC_WARN_UNUSED_VARIABLE = YES;
				IPHONEOS_DEPLOYMENT_TARGET = 18.0;
				LOCALIZATION_PREFERS_STRING_CATALOGS = YES;
				MTL_ENABLE_DEBUG_INFO = INCLUDE_SOURCE;
				MTL_FAST_MATH = YES;
				ONLY_ACTIVE_ARCH = YES;
				SDKROOT = iphoneos;
				SWIFT_ACTIVE_COMPILATION_CONDITIONS = "DEBUG $(inherited)";
				SWIFT_OPTIMIZATION_LEVEL = "-Onone";
			};
			name = Debug;
		};
		FF9F17232CD120EE00171405 /* Release */ = {
			isa = XCBuildConfiguration;
			buildSettings = {
				ALWAYS_SEARCH_USER_PATHS = NO;
				ASSETCATALOG_COMPILER_GENERATE_SWIFT_ASSET_SYMBOL_EXTENSIONS = YES;
				CLANG_ANALYZER_NONNULL = YES;
				CLANG_ANALYZER_NUMBER_OBJECT_CONVERSION = YES_AGGRESSIVE;
				CLANG_CXX_LANGUAGE_STANDARD = "gnu++20";
				CLANG_ENABLE_MODULES = YES;
				CLANG_ENABLE_OBJC_ARC = YES;
				CLANG_ENABLE_OBJC_WEAK = YES;
				CLANG_WARN_BLOCK_CAPTURE_AUTORELEASING = YES;
				CLANG_WARN_BOOL_CONVERSION = YES;
				CLANG_WARN_COMMA = YES;
				CLANG_WARN_CONSTANT_CONVERSION = YES;
				CLANG_WARN_DEPRECATED_OBJC_IMPLEMENTATIONS = YES;
				CLANG_WARN_DIRECT_OBJC_ISA_USAGE = YES_ERROR;
				CLANG_WARN_DOCUMENTATION_COMMENTS = YES;
				CLANG_WARN_EMPTY_BODY = YES;
				CLANG_WARN_ENUM_CONVERSION = YES;
				CLANG_WARN_INFINITE_RECURSION = YES;
				CLANG_WARN_INT_CONVERSION = YES;
				CLANG_WARN_NON_LITERAL_NULL_CONVERSION = YES;
				CLANG_WARN_OBJC_IMPLICIT_RETAIN_SELF = YES;
				CLANG_WARN_OBJC_LITERAL_CONVERSION = YES;
				CLANG_WARN_OBJC_ROOT_CLASS = YES_ERROR;
				CLANG_WARN_QUOTED_INCLUDE_IN_FRAMEWORK_HEADER = YES;
				CLANG_WARN_RANGE_LOOP_ANALYSIS = YES;
				CLANG_WARN_STRICT_PROTOTYPES = YES;
				CLANG_WARN_SUSPICIOUS_MOVE = YES;
				CLANG_WARN_UNGUARDED_AVAILABILITY = YES_AGGRESSIVE;
				CLANG_WARN_UNREACHABLE_CODE = YES;
				CLANG_WARN__DUPLICATE_METHOD_MATCH = YES;
				COPY_PHASE_STRIP = NO;
				DEBUG_INFORMATION_FORMAT = "dwarf-with-dsym";
				ENABLE_NS_ASSERTIONS = NO;
				ENABLE_STRICT_OBJC_MSGSEND = YES;
				ENABLE_USER_SCRIPT_SANDBOXING = YES;
				GCC_C_LANGUAGE_STANDARD = gnu17;
				GCC_NO_COMMON_BLOCKS = YES;
				GCC_WARN_64_TO_32_BIT_CONVERSION = YES;
				GCC_WARN_ABOUT_RETURN_TYPE = YES_ERROR;
				GCC_WARN_UNDECLARED_SELECTOR = YES;
				GCC_WARN_UNINITIALIZED_AUTOS = YES_AGGRESSIVE;
				GCC_WARN_UNUSED_FUNCTION = YES;
				GCC_WARN_UNUSED_VARIABLE = YES;
				IPHONEOS_DEPLOYMENT_TARGET = 18.0;
				LOCALIZATION_PREFERS_STRING_CATALOGS = YES;
				MTL_ENABLE_DEBUG_INFO = NO;
				MTL_FAST_MATH = YES;
				SDKROOT = iphoneos;
				SWIFT_COMPILATION_MODE = wholemodule;
				VALIDATE_PRODUCT = YES;
			};
			name = Release;
		};
		FF9F17252CD120EE00171405 /* Debug */ = {
			isa = XCBuildConfiguration;
			buildSettings = {
				BUNDLE_LOADER = "$(TEST_HOST)";
				CODE_SIGN_STYLE = Automatic;
				CURRENT_PROJECT_VERSION = 1;
				GENERATE_INFOPLIST_FILE = YES;
				IPHONEOS_DEPLOYMENT_TARGET = 18.0;
				MARKETING_VERSION = 1.0;
				PRODUCT_BUNDLE_IDENTIFIER = com.omerapaydin.MachineLearningImageTests;
				PRODUCT_NAME = "$(TARGET_NAME)";
				SWIFT_EMIT_LOC_STRINGS = NO;
				SWIFT_VERSION = 5.0;
				TARGETED_DEVICE_FAMILY = "1,2";
				TEST_HOST = "$(BUILT_PRODUCTS_DIR)/MachineLearningImage.app/$(BUNDLE_EXECUTABLE_FOLDER_PATH)/MachineLearningImage";
			};
			name = Debug;
		};
		FF9F17262CD120EE00171405 /* Release */ = {
			isa = XCBuildConfiguration;
			buildSettings = {
				BUNDLE_LOADER = "$(TEST_HOST)";
				CODE_SIGN_STYLE = Automatic;
				CURRENT_PROJECT_VERSION = 1;
				GENERATE_INFOPLIST_FILE = YES;
				IPHONEOS_DEPLOYMENT_TARGET = 18.0;
				MARKETING_VERSION = 1.0;
				PRODUCT_BUNDLE_IDENTIFIER = com.omerapaydin.MachineLearningImageTests;
				PRODUCT_NAME = "$(TARGET_NAME)";
				SWIFT_EMIT_LOC_STRINGS = NO;
				SWIFT_VERSION = 5.0;
				TARGETED_DEVICE_FAMILY = "1,2";
				TEST_HOST = "$(BUILT_PRODUCTS_DIR)/MachineLearningImage.app/$(BUNDLE_EXECUTABLE_FOLDER_PATH)/MachineLearningImage";
			};
			name = Release;
		};
		FF9F17282CD120EE00171405 /* Debug */ = {
			isa = XCBuildConfiguration;
			buildSettings = {
				CODE_SIGN_STYLE = Automatic;
				CURRENT_PROJECT_VERSION = 1;
				GENERATE_INFOPLIST_FILE = YES;
				MARKETING_VERSION = 1.0;
				PRODUCT_BUNDLE_IDENTIFIER = com.omerapaydin.MachineLearningImageUITests;
				PRODUCT_NAME = "$(TARGET_NAME)";
				SWIFT_EMIT_LOC_STRINGS = NO;
				SWIFT_VERSION = 5.0;
				TARGETED_DEVICE_FAMILY = "1,2";
				TEST_TARGET_NAME = MachineLearningImage;
			};
			name = Debug;
		};
		FF9F17292CD120EE00171405 /* Release */ = {
			isa = XCBuildConfiguration;
			buildSettings = {
				CODE_SIGN_STYLE = Automatic;
				CURRENT_PROJECT_VERSION = 1;
				GENERATE_INFOPLIST_FILE = YES;
				MARKETING_VERSION = 1.0;
				PRODUCT_BUNDLE_IDENTIFIER = com.omerapaydin.MachineLearningImageUITests;
				PRODUCT_NAME = "$(TARGET_NAME)";
				SWIFT_EMIT_LOC_STRINGS = NO;
				SWIFT_VERSION = 5.0;
				TARGETED_DEVICE_FAMILY = "1,2";
				TEST_TARGET_NAME = MachineLearningImage;
			};
			name = Release;
		};
/* End XCBuildConfiguration section */

/* Begin XCConfigurationList section */
		FF9F16F12CD120ED00171405 /* Build configuration list for PBXProject "MachineLearningImage" */ = {
			isa = XCConfigurationList;
			buildConfigurations = (
				FF9F17222CD120EE00171405 /* Debug */,
				FF9F17232CD120EE00171405 /* Release */,
			);
			defaultConfigurationIsVisible = 0;
			defaultConfigurationName = Release;
		};
		FF9F171F2CD120EE00171405 /* Build configuration list for PBXNativeTarget "MachineLearningImage" */ = {
			isa = XCConfigurationList;
			buildConfigurations = (
				FF9F17202CD120EE00171405 /* Debug */,
				FF9F17212CD120EE00171405 /* Release */,
			);
			defaultConfigurationIsVisible = 0;
			defaultConfigurationName = Release;
		};
		FF9F17242CD120EE00171405 /* Build configuration list for PBXNativeTarget "MachineLearningImageTests" */ = {
			isa = XCConfigurationList;
			buildConfigurations = (
				FF9F17252CD120EE00171405 /* Debug */,
				FF9F17262CD120EE00171405 /* Release */,
			);
			defaultConfigurationIsVisible = 0;
			defaultConfigurationName = Release;
		};
		FF9F17272CD120EE00171405 /* Build configuration list for PBXNativeTarget "MachineLearningImageUITests" */ = {
			isa = XCConfigurationList;
			buildConfigurations = (
				FF9F17282CD120EE00171405 /* Debug */,
				FF9F17292CD120EE00171405 /* Release */,
			);
			defaultConfigurationIsVisible = 0;
			defaultConfigurationName = Release;
		};
/* End XCConfigurationList section */
	};
	rootObject = FF9F16EE2CD120ED00171405 /* Project object */;
}
